
Microsoft Visual Studio Solution File, Format Version 12.00
Project("{2150E333-8FDC-42A3-9474-1A3956D46DE8}") = "Common", "Common", "{CF792AE1-D2CA-4507-AD2A-0B555674A028}"
EndProject
Project("{FAE04EC0-301F-11D3-BF4B-00C04F79EFBC}") = "Common.Core", "Common.Core\Common.Core.csproj", "{4495A35E-B9E2-4259-99CD-41764627D014}"
EndProject
Project("{FAE04EC0-301F-11D3-BF4B-00C04F79EFBC}") = "PrisonersRiddle", "PrisonersRiddle\PrisonersRiddle.csproj", "{83FA7B2A-9078-4E15-832A-C85380591981}"
EndProject
Project("{2150E333-8FDC-42A3-9474-1A3956D46DE8}") = "Modules", "Modules", "{E47E2B17-2E50-4672-A7C3-9AF38C0117C7}"
EndProject
Project("{FAE04EC0-301F-11D3-BF4B-00C04F79EFBC}") = "BusinessLogic", "BusinessLogic\BusinessLogic.csproj", "{31E3B1FD-6C55-4BA0-8B7A-C17EDE54E9E7}"
EndProject
Project("{FAE04EC0-301F-11D3-BF4B-00C04F79EFBC}") = "WelcomeAndInfo", "WelcomeAndInfo\WelcomeAndInfo.csproj", "{E36CE135-6B4E-4BF6-841C-16A2EEA141AF}"
EndProject
Project("{FAE04EC0-301F-11D3-BF4B-00C04F79EFBC}") = "Common.Resources", "Common\Common.Resources\Common.Resources.csproj", "{2C565282-5684-48E3-B05D-0FF6C92EA66A}"
EndProject
Project("{2150E333-8FDC-42A3-9474-1A3956D46DE8}") = "Domain", "Domain", "{B2124F0D-2A48-4E0C-888A-3AEC6093B761}"
EndProject
Project("{FAE04EC0-301F-11D3-BF4B-00C04F79EFBC}") = "DataDomain", "Domain\DataDomain\DataDomain.csproj", "{B897910B-3B45-48AF-8E1C-D316B3027A27}"
EndProject
Project("{FAE04EC0-301F-11D3-BF4B-00C04F79EFBC}") = "BusinessLogic.Infrastructure", "Modules\BusinessLogic.Infrastructure\BusinessLogic.Infrastructure.csproj", "{EA152794-398D-4439-8ABB-FED49790CCA6}"
EndProject
Global
	GlobalSection(SolutionConfigurationPlatforms) = preSolution
		Debug|Any CPU = Debug|Any CPU
		Release|Any CPU = Release|Any CPU
	EndGlobalSection
	GlobalSection(NestedProjects) = preSolution
		{4495A35E-B9E2-4259-99CD-41764627D014} = {CF792AE1-D2CA-4507-AD2A-0B555674A028}
		{31E3B1FD-6C55-4BA0-8B7A-C17EDE54E9E7} = {E47E2B17-2E50-4672-A7C3-9AF38C0117C7}
		{E36CE135-6B4E-4BF6-841C-16A2EEA141AF} = {E47E2B17-2E50-4672-A7C3-9AF38C0117C7}
		{2C565282-5684-48E3-B05D-0FF6C92EA66A} = {CF792AE1-D2CA-4507-AD2A-0B555674A028}
		{B897910B-3B45-48AF-8E1C-D316B3027A27} = {B2124F0D-2A48-4E0C-888A-3AEC6093B761}
		{EA152794-398D-4439-8ABB-FED49790CCA6} = {E47E2B17-2E50-4672-A7C3-9AF38C0117C7}
	EndGlobalSection
	GlobalSection(ProjectConfigurationPlatforms) = postSolution
		{4495A35E-B9E2-4259-99CD-41764627D014}.Debug|Any CPU.ActiveCfg = Debug|Any CPU
		{4495A35E-B9E2-4259-99CD-41764627D014}.Debug|Any CPU.Build.0 = Debug|Any CPU
		{4495A35E-B9E2-4259-99CD-41764627D014}.Release|Any CPU.ActiveCfg = Release|Any CPU
		{4495A35E-B9E2-4259-99CD-41764627D014}.Release|Any CPU.Build.0 = Release|Any CPU
		{83FA7B2A-9078-4E15-832A-C85380591981}.Debug|Any CPU.ActiveCfg = Debug|Any CPU
		{83FA7B2A-9078-4E15-832A-C85380591981}.Debug|Any CPU.Build.0 = Debug|Any CPU
		{83FA7B2A-9078-4E15-832A-C85380591981}.Release|Any CPU.ActiveCfg = Release|Any CPU
		{83FA7B2A-9078-4E15-832A-C85380591981}.Release|Any CPU.Build.0 = Release|Any CPU
		{31E3B1FD-6C55-4BA0-8B7A-C17EDE54E9E7}.Debug|Any CPU.ActiveCfg = Debug|Any CPU
		{31E3B1FD-6C55-4BA0-8B7A-C17EDE54E9E7}.Debug|Any CPU.Build.0 = Debug|Any CPU
		{31E3B1FD-6C55-4BA0-8B7A-C17EDE54E9E7}.Release|Any CPU.ActiveCfg = Release|Any CPU
		{31E3B1FD-6C55-4BA0-8B7A-C17EDE54E9E7}.Release|Any CPU.Build.0 = Release|Any CPU
		{E36CE135-6B4E-4BF6-841C-16A2EEA141AF}.Debug|Any CPU.ActiveCfg = Debug|Any CPU
		{E36CE135-6B4E-4BF6-841C-16A2EEA141AF}.Debug|Any CPU.Build.0 = Debug|Any CPU
		{E36CE135-6B4E-4BF6-841C-16A2EEA141AF}.Release|Any CPU.ActiveCfg = Release|Any CPU
		{E36CE135-6B4E-4BF6-841C-16A2EEA141AF}.Release|Any CPU.Build.0 = Release|Any CPU
		{2C565282-5684-48E3-B05D-0FF6C92EA66A}.Debug|Any CPU.ActiveCfg = Debug|Any CPU
		{2C565282-5684-48E3-B05D-0FF6C92EA66A}.Debug|Any CPU.Build.0 = Debug|Any CPU
		{2C565282-5684-48E3-B05D-0FF6C92EA66A}.Release|Any CPU.ActiveCfg = Release|Any CPU
		{2C565282-5684-48E3-B05D-0FF6C92EA66A}.Release|Any CPU.Build.0 = Release|Any CPU
		{B897910B-3B45-48AF-8E1C-D316B3027A27}.Debug|Any CPU.ActiveCfg = Debug|Any CPU
		{B897910B-3B45-48AF-8E1C-D316B3027A27}.Debug|Any CPU.Build.0 = Debug|Any CPU
		{B897910B-3B45-48AF-8E1C-D316B3027A27}.Release|Any CPU.ActiveCfg = Release|Any CPU
		{B897910B-3B45-48AF-8E1C-D316B3027A27}.Release|Any CPU.Build.0 = Release|Any CPU
		{EA152794-398D-4439-8ABB-FED49790CCA6}.Debug|Any CPU.ActiveCfg = Debug|Any CPU
		{EA152794-398D-4439-8ABB-FED49790CCA6}.Debug|Any CPU.Build.0 = Debug|Any CPU
		{EA152794-398D-4439-8ABB-FED49790CCA6}.Release|Any CPU.ActiveCfg = Release|Any CPU
		{EA152794-398D-4439-8ABB-FED49790CCA6}.Release|Any CPU.Build.0 = Release|Any CPU
	EndGlobalSection
EndGlobal
